
Microsoft Visual Studio Solution File, Format Version 12.00
# Visual Studio Version 16
VisualStudioVersion = 16.0.34301.259
MinimumVisualStudioVersion = 10.0.40219.1
Project("{FAE04EC0-301F-11D3-BF4B-00C04F79EFBC}") = "LCNoPropsLost", "LCNoPropsLost\LCNoPropsLost.csproj", "{18FD8DAA-F213-4766-B479-21B9228E73EE}"
EndProject
Global
	GlobalSection(SolutionConfigurationPlatforms) = preSolution
		Debug|Any CPU = Debug|Any CPU
		Release|Any CPU = Release|Any CPU
	EndGlobalSection
	GlobalSection(ProjectConfigurationPlatforms) = postSolution
		{18FD8DAA-F213-4766-B479-21B9228E73EE}.Debug|Any CPU.ActiveCfg = Debug|Any CPU
		{18FD8DAA-F213-4766-B479-21B9228E73EE}.Debug|Any CPU.Build.0 = Debug|Any CPU
		{18FD8DAA-F213-4766-B479-21B9228E73EE}.Release|Any CPU.ActiveCfg = Release|Any CPU
		{18FD8DAA-F213-4766-B479-21B9228E73EE}.Release|Any CPU.Build.0 = Release|Any CPU
	EndGlobalSection
	GlobalSection(SolutionProperties) = preSolution
		HideSolutionNode = FALSE
	EndGlobalSection
	GlobalSection(ExtensibilityGlobals) = postSolution
		SolutionGuid = {BA2B392A-C734-4F49-AB84-428F90381FA5}
	EndGlobalSection
EndGlobal
